{
  "nodes": {
    "graphicsgd-src": {
      "flake": false,
      "locked": {
        "lastModified": 1769509698,
        "narHash": "sha256-UIIq1jDbTZq1Kt0NydzPnfF0ll3nlbCb02U/F7yACd0=",
        "owner": "quaadgras",
        "repo": "graphics.gd",
        "rev": "07c79b4a08fdce43fc830e3fcd959c98cdfa6a2b",
        "type": "github"
      },
      "original": {
        "owner": "quaadgras",
        "repo": "graphics.gd",
        "rev": "07c79b4a08fdce43fc830e3fcd959c98cdfa6a2b",
        "type": "github"
      }
    },
    "nixpkgs": {
      "locked": {
        "lastModified": 1789542786,
        "narHash": "sha256-ajQuqcxnj6RYnwCjA/9FTCnrdR2+BDzstE8UembXf60=",
        "owner": "NixOS",
        "repo": "nixpkgs",
        "rev": "4c7870105e7f1fdf9c48688c8d7efc21abf0688a",
        "type": "github"
      },
      "original": {
        "owner": "NixOS",
        "ref": "nixos-26.05",
        "repo": "nixpkgs",
        "type": "github"
      }
    },
    "nixpkgs-recent": {
      "locked": {
        "lastModified": 1779357205,
        "narHash": "sha256-cCO8aTqss5x9Ky8GWkpY0Hy5fyTZEbtifSUV8QjSzic=",
        "owner": "NixOS",
        "repo": "nixpkgs",
        "rev": "f83fc3c307e74bc5fd5adb7eb6b8b13ffd2a36e1",
        "type": "github"
      },
      "original": {
        "owner": "NixOS",
        "ref": "nixos-unstable",
        "repo": "nixpkgs",
        "type": "github"
      }
    },
    "polyfill-glibc-src": {
      "flake": false,
      "locked": {
        "lastModified": 1730295238,
        "narHash": "sha256-Qkzy33dIGnv9BOmRwql+LpYaEukZZIADSux09Fz3h7E=",
        "owner": "corsix",
        "repo": "polyfill-glibc",
        "rev": "dd59051faaa10ee63c1b96f1b47bf9fcd3770ee2",
        "type": "github"
      },
      "original": {
        "owner": "corsix",
        "repo": "polyfill-glibc",
        "rev": "dd59051faaa10ee63c1b96f1b47bf9fcd3770ee2",
        "type": "github"
      }
    },
    "root": {
      "inputs": {
        "graphicsgd-src": "graphicsgd-src",
        "nixpkgs-recent": "nixpkgs-recent",
        "polyfill-glibc-src": "polyfill-glibc-src",
        "unpins-lib": "unpins-lib"
      }
    },
    "unpins-lib": {
      "inputs": {
        "nixpkgs": "nixpkgs"
      },
      "locked": {
        "lastModified": 1789756187,
        "narHash": "sha256-OY8yBohuRWUa3gOXWEcP491uW+7GQX4IblXlIS1ZsVg=",
        "owner": "unpins",
        "repo": "nix-lib",
        "rev": "dd15b3b67227a88b1aff0a37b6ca01035af3d257",
        "type": "github"
      },
      "original": {
        "owner": "unpins",
        "repo": "nix-lib",
        "type": "github"
      }
    }
  },
  "root": "root",
  "version": 7
}
